
Microsoft Visual Studio Solution File, Format Version 12.00
# Visual Studio Version 17
VisualStudioVersion = 17.5.33516.290
MinimumVisualStudioVersion = 10.0.40219.1
Project("{FAE04EC0-301F-11D3-BF4B-00C04F79EFBC}") = "CleanArc", "CleanArc.csproj", "{8DEAA6EA-0CF0-4151-AED7-3A939F0E217B}"
EndProject
Project("{9A19103F-16F7-4668-BE54-9A1E7A4F7556}") = "AbstractLL", "..\AbstractLL\AbstractLL.csproj", "{3C15CE2A-025C-4EFA-A809-28A35640A4BA}"
EndProject
Global
	GlobalSection(SolutionConfigurationPlatforms) = preSolution
		Debug|Any CPU = Debug|Any CPU
		Release|Any CPU = Release|Any CPU
	EndGlobalSection
	GlobalSection(ProjectConfigurationPlatforms) = postSolution
		{8DEAA6EA-0CF0-4151-AED7-3A939F0E217B}.Debug|Any CPU.ActiveCfg = Debug|Any CPU
		{8DEAA6EA-0CF0-4151-AED7-3A939F0E217B}.Debug|Any CPU.Build.0 = Debug|Any CPU
		{8DEAA6EA-0CF0-4151-AED7-3A939F0E217B}.Release|Any CPU.ActiveCfg = Release|Any CPU
		{8DEAA6EA-0CF0-4151-AED7-3A939F0E217B}.Release|Any CPU.Build.0 = Release|Any CPU
		{3C15CE2A-025C-4EFA-A809-28A35640A4BA}.Debug|Any CPU.ActiveCfg = Debug|Any CPU
		{3C15CE2A-025C-4EFA-A809-28A35640A4BA}.Debug|Any CPU.Build.0 = Debug|Any CPU
		{3C15CE2A-025C-4EFA-A809-28A35640A4BA}.Release|Any CPU.ActiveCfg = Release|Any CPU
		{3C15CE2A-025C-4EFA-A809-28A35640A4BA}.Release|Any CPU.Build.0 = Release|Any CPU
	EndGlobalSection
	GlobalSection(SolutionProperties) = preSolution
		HideSolutionNode = FALSE
	EndGlobalSection
	GlobalSection(ExtensibilityGlobals) = postSolution
		SolutionGuid = {27B8A22D-EBC4-4600-AD0F-79D7CE2E9114}
	EndGlobalSection
EndGlobal
